// !$*UTF8*$!
{
	archiveVersion = 1;
	classes = {
	};
	objectVersion = 48;
	objects = {

/* Begin PBXBuildFile section */
		3B4F01431EFC84E3001D3A4B /* AppDelegate.swift in Sources */ = {isa = PBXBuildFile; fileRef = 3B4F01421EFC84E3001D3A4B /* AppDelegate.swift */; };
		3B4F01451EFC84E3001D3A4B /* HomeController.swift in Sources */ = {isa = PBXBuildFile; fileRef = 3B4F01441EFC84E3001D3A4B /* HomeController.swift */; };
		3B4F01481EFC84E3001D3A4B /* Main.storyboard in Resources */ = {isa = PBXBuildFile; fileRef = 3B4F01461EFC84E3001D3A4B /* Main.storyboard */; };
		3B4F014A1EFC84E3001D3A4B /* Assets.xcassets in Resources */ = {isa = PBXBuildFile; fileRef = 3B4F01491EFC84E3001D3A4B /* Assets.xcassets */; };
		3B4F014D1EFC84E3001D3A4B /* LaunchScreen.storyboard in Resources */ = {isa = PBXBuildFile; fileRef = 3B4F014B1EFC84E3001D3A4B /* LaunchScreen.storyboard */; };
		3B528D541F1E714C004864BB /* ApiService.swift in Sources */ = {isa = PBXBuildFile; fileRef = 3B528D531F1E714C004864BB /* ApiService.swift */; };
		3B6887CD1F023A590072E12D /* Extensions.swift in Sources */ = {isa = PBXBuildFile; fileRef = 3B6887CC1F023A590072E12D /* Extensions.swift */; };
		3B6887CF1F023CC40072E12D /* VideoCell.swift in Sources */ = {isa = PBXBuildFile; fileRef = 3B6887CE1F023CC40072E12D /* VideoCell.swift */; };
		3B6887D41F0254660072E12D /* MenuBar.swift in Sources */ = {isa = PBXBuildFile; fileRef = 3B6887D31F0254660072E12D /* MenuBar.swift */; };
		3B6887D71F0309270072E12D /* Video.swift in Sources */ = {isa = PBXBuildFile; fileRef = 3B6887D61F0309270072E12D /* Video.swift */; };
		3BB977421F57977B003D10E6 /* FeedCell.swift in Sources */ = {isa = PBXBuildFile; fileRef = 3BB977411F57977B003D10E6 /* FeedCell.swift */; };
		3BB977441F58BC57003D10E6 /* TrendingCell.swift in Sources */ = {isa = PBXBuildFile; fileRef = 3BB977431F58BC57003D10E6 /* TrendingCell.swift */; };
		3BB977461F58BFA1003D10E6 /* SubscriptionsCell.swift in Sources */ = {isa = PBXBuildFile; fileRef = 3BB977451F58BFA1003D10E6 /* SubscriptionsCell.swift */; };
		3BD634B71F1611D400700980 /* SettingLauncher.swift in Sources */ = {isa = PBXBuildFile; fileRef = 3BD634B61F1611D400700980 /* SettingLauncher.swift */; };
		3BD634B91F16B18300700980 /* SettingCell.swift in Sources */ = {isa = PBXBuildFile; fileRef = 3BD634B81F16B18300700980 /* SettingCell.swift */; };
/* End PBXBuildFile section */

/* Begin PBXFileReference section */
		3B4F013F1EFC84E3001D3A4B /* youtube.lbta.app */ = {isa = PBXFileReference; explicitFileType = wrapper.application; includeInIndex = 0; path = youtube.lbta.app; sourceTree = BUILT_PRODUCTS_DIR; };
		3B4F01421EFC84E3001D3A4B /* AppDelegate.swift */ = {isa = PBXFileReference; lastKnownFileType = sourcecode.swift; path = AppDelegate.swift; sourceTree = "<group>"; };
		3B4F01441EFC84E3001D3A4B /* HomeController.swift */ = {isa = PBXFileReference; lastKnownFileType = sourcecode.swift; path = HomeController.swift; sourceTree = "<group>"; };
		3B4F01471EFC84E3001D3A4B /* Base */ = {isa = PBXFileReference; lastKnownFileType = file.storyboard; name = Base; path = Base.lproj/Main.storyboard; sourceTree = "<group>"; };
		3B4F01491EFC84E3001D3A4B /* Assets.xcassets */ = {isa = PBXFileReference; lastKnownFileType = folder.assetcatalog; path = Assets.xcassets; sourceTree = "<group>"; };
		3B4F014C1EFC84E3001D3A4B /* Base */ = {isa = PBXFileReference; lastKnownFileType = file.storyboard; name = Base; path = Base.lproj/LaunchScreen.storyboard; sourceTree = "<group>"; };
		3B4F014E1EFC84E3001D3A4B /* Info.plist */ = {isa = PBXFileReference; lastKnownFileType = text.plist.xml; path = Info.plist; sourceTree = "<group>"; };
		3B528D531F1E714C004864BB /* ApiService.swift */ = {isa = PBXFileReference; lastKnownFileType = sourcecode.swift; name = ApiService.swift; path = youtube.lbta/Service/ApiService.swift; sourceTree = SOURCE_ROOT; };
		3B6887CC1F023A590072E12D /* Extensions.swift */ = {isa = PBXFileReference; lastKnownFileType = sourcecode.swift; path = Extensions.swift; sourceTree = "<group>"; };
		3B6887CE1F023CC40072E12D /* VideoCell.swift */ = {isa = PBXFileReference; lastKnownFileType = sourcecode.swift; path = VideoCell.swift; sourceTree = "<group>"; };
		3B6887D31F0254660072E12D /* MenuBar.swift */ = {isa = PBXFileReference; lastKnownFileType = sourcecode.swift; path = MenuBar.swift; sourceTree = "<group>"; };
		3B6887D61F0309270072E12D /* Video.swift */ = {isa = PBXFileReference; lastKnownFileType = sourcecode.swift; path = Video.swift; sourceTree = "<group>"; };
		3BB977411F57977B003D10E6 /* FeedCell.swift */ = {isa = PBXFileReference; lastKnownFileType = sourcecode.swift; path = FeedCell.swift; sourceTree = "<group>"; };
		3BB977431F58BC57003D10E6 /* TrendingCell.swift */ = {isa = PBXFileReference; lastKnownFileType = sourcecode.swift; path = TrendingCell.swift; sourceTree = "<group>"; };
		3BB977451F58BFA1003D10E6 /* SubscriptionsCell.swift */ = {isa = PBXFileReference; lastKnownFileType = sourcecode.swift; path = SubscriptionsCell.swift; sourceTree = "<group>"; };
		3BB977481F592811003D10E6 /* home.json */ = {isa = PBXFileReference; lastKnownFileType = text.json; path = home.json; sourceTree = "<group>"; };
		3BB977491F592811003D10E6 /* subscriptions.json */ = {isa = PBXFileReference; lastKnownFileType = text.json; path = subscriptions.json; sourceTree = "<group>"; };
		3BB9774A1F592811003D10E6 /* trending.json */ = {isa = PBXFileReference; lastKnownFileType = text.json; path = trending.json; sourceTree = "<group>"; };
		3BD634B61F1611D400700980 /* SettingLauncher.swift */ = {isa = PBXFileReference; lastKnownFileType = sourcecode.swift; path = SettingLauncher.swift; sourceTree = "<group>"; };
		3BD634B81F16B18300700980 /* SettingCell.swift */ = {isa = PBXFileReference; lastKnownFileType = sourcecode.swift; path = SettingCell.swift; sourceTree = "<group>"; };
/* End PBXFileReference section */

/* Begin PBXFrameworksBuildPhase section */
		3B4F013C1EFC84E3001D3A4B /* Frameworks */ = {
			isa = PBXFrameworksBuildPhase;
			buildActionMask = 2147483647;
			files = (
			);
			runOnlyForDeploymentPostprocessing = 0;
		};
/* End PBXFrameworksBuildPhase section */

/* Begin PBXGroup section */
		3B4F01361EFC84E2001D3A4B = {
			isa = PBXGroup;
			children = (
				3B4F01411EFC84E3001D3A4B /* youtube.lbta */,
				3BB977471F592811003D10E6 /* jsons */,
				3B4F01401EFC84E3001D3A4B /* Products */,
			);
			sourceTree = "<group>";
		};
		3B4F01401EFC84E3001D3A4B /* Products */ = {
			isa = PBXGroup;
			children = (
				3B4F013F1EFC84E3001D3A4B /* youtube.lbta.app */,
			);
			name = Products;
			sourceTree = "<group>";
		};
		3B4F01411EFC84E3001D3A4B /* youtube.lbta */ = {
			isa = PBXGroup;
			children = (
				3B528D521F1E7132004864BB /* Service */,
				3B6887D51F0309120072E12D /* Model */,
				3B6887D21F023D210072E12D /* Helpers */,
				3B6887D11F023D190072E12D /* Controllers */,
				3B6887D01F023D100072E12D /* Views */,
				3B4F01421EFC84E3001D3A4B /* AppDelegate.swift */,
				3B4F01461EFC84E3001D3A4B /* Main.storyboard */,
				3B4F01491EFC84E3001D3A4B /* Assets.xcassets */,
				3B4F014B1EFC84E3001D3A4B /* LaunchScreen.storyboard */,
				3B4F014E1EFC84E3001D3A4B /* Info.plist */,
			);
			path = youtube.lbta;
			sourceTree = "<group>";
		};
		3B528D521F1E7132004864BB /* Service */ = {
			isa = PBXGroup;
			children = (
				3B528D531F1E714C004864BB /* ApiService.swift */,
			);
			path = Service;
			sourceTree = "<group>";
		};
		3B6887D01F023D100072E12D /* Views */ = {
			isa = PBXGroup;
			children = (
				3B6887CE1F023CC40072E12D /* VideoCell.swift */,
				3B6887D31F0254660072E12D /* MenuBar.swift */,
				3BD634B81F16B18300700980 /* SettingCell.swift */,
				3BB977411F57977B003D10E6 /* FeedCell.swift */,
				3BB977431F58BC57003D10E6 /* TrendingCell.swift */,
				3BB977451F58BFA1003D10E6 /* SubscriptionsCell.swift */,
			);
			path = Views;
			sourceTree = "<group>";
		};
		3B6887D11F023D190072E12D /* Controllers */ = {
			isa = PBXGroup;
			children = (
				3B4F01441EFC84E3001D3A4B /* HomeController.swift */,
				3BD634B61F1611D400700980 /* SettingLauncher.swift */,
			);
			path = Controllers;
			sourceTree = "<group>";
		};
		3B6887D21F023D210072E12D /* Helpers */ = {
			isa = PBXGroup;
			children = (
				3B6887CC1F023A590072E12D /* Extensions.swift */,
			);
			path = Helpers;
			sourceTree = "<group>";
		};
		3B6887D51F0309120072E12D /* Model */ = {
			isa = PBXGroup;
			children = (
				3B6887D61F0309270072E12D /* Video.swift */,
			);
			path = Model;
			sourceTree = "<group>";
		};
		3BB977471F592811003D10E6 /* jsons */ = {
			isa = PBXGroup;
			children = (
				3BB977481F592811003D10E6 /* home.json */,
				3BB977491F592811003D10E6 /* subscriptions.json */,
				3BB9774A1F592811003D10E6 /* trending.json */,
			);
			path = jsons;
			sourceTree = "<group>";
		};
/* End PBXGroup section */

/* Begin PBXNativeTarget section */
		3B4F013E1EFC84E3001D3A4B /* youtube.lbta */ = {
			isa = PBXNativeTarget;
			buildConfigurationList = 3B4F01511EFC84E3001D3A4B /* Build configuration list for PBXNativeTarget "youtube.lbta" */;
			buildPhases = (
				3B4F013B1EFC84E3001D3A4B /* Sources */,
				3B4F013C1EFC84E3001D3A4B /* Frameworks */,
				3B4F013D1EFC84E3001D3A4B /* Resources */,
			);
			buildRules = (
			);
			dependencies = (
			);
			name = youtube.lbta;
			productName = youtube.lbta;
			productReference = 3B4F013F1EFC84E3001D3A4B /* youtube.lbta.app */;
			productType = "com.apple.product-type.application";
		};
/* End PBXNativeTarget section */

/* Begin PBXProject section */
		3B4F01371EFC84E3001D3A4B /* Project object */ = {
			isa = PBXProject;
			attributes = {
				LastSwiftUpdateCheck = 0900;
				LastUpgradeCheck = 0900;
				ORGANIZATIONNAME = "Pego Consulting";
				TargetAttributes = {
					3B4F013E1EFC84E3001D3A4B = {
						CreatedOnToolsVersion = 9.0;
						LastSwiftMigration = 0900;
					};
				};
			};
			buildConfigurationList = 3B4F013A1EFC84E3001D3A4B /* Build configuration list for PBXProject "youtube.lbta" */;
			compatibilityVersion = "Xcode 8.0";
			developmentRegion = en;
			hasScannedForEncodings = 0;
			knownRegions = (
				en,
				Base,
			);
			mainGroup = 3B4F01361EFC84E2001D3A4B;
			productRefGroup = 3B4F01401EFC84E3001D3A4B /* Products */;
			projectDirPath = "";
			projectRoot = "";
			targets = (
				3B4F013E1EFC84E3001D3A4B /* youtube.lbta */,
			);
		};
/* End PBXProject section */

/* Begin PBXResourcesBuildPhase section */
		3B4F013D1EFC84E3001D3A4B /* Resources */ = {
			isa = PBXResourcesBuildPhase;
			buildActionMask = 2147483647;
			files = (
				3B4F014D1EFC84E3001D3A4B /* LaunchScreen.storyboard in Resources */,
				3B4F014A1EFC84E3001D3A4B /* Assets.xcassets in Resources */,
				3B4F01481EFC84E3001D3A4B /* Main.storyboard in Resources */,
			);
			runOnlyForDeploymentPostprocessing = 0;
		};
/* End PBXResourcesBuildPhase section */

/* Begin PBXSourcesBuildPhase section */
		3B4F013B1EFC84E3001D3A4B /* Sources */ = {
			isa = PBXSourcesBuildPhase;
			buildActionMask = 2147483647;
			files = (
				3B4F01451EFC84E3001D3A4B /* HomeController.swift in Sources */,
				3BB977421F57977B003D10E6 /* FeedCell.swift in Sources */,
				3BB977461F58BFA1003D10E6 /* SubscriptionsCell.swift in Sources */,
				3BB977441F58BC57003D10E6 /* TrendingCell.swift in Sources */,
				3B6887D71F0309270072E12D /* Video.swift in Sources */,
				3BD634B91F16B18300700980 /* SettingCell.swift in Sources */,
				3B6887CF1F023CC40072E12D /* VideoCell.swift in Sources */,
				3BD634B71F1611D400700980 /* SettingLauncher.swift in Sources */,
				3B528D541F1E714C004864BB /* ApiService.swift in Sources */,
				3B6887CD1F023A590072E12D /* Extensions.swift in Sources */,
				3B4F01431EFC84E3001D3A4B /* AppDelegate.swift in Sources */,
				3B6887D41F0254660072E12D /* MenuBar.swift in Sources */,
			);
			runOnlyForDeploymentPostprocessing = 0;
		};
/* End PBXSourcesBuildPhase section */

/* Begin PBXVariantGroup section */
		3B4F01461EFC84E3001D3A4B /* Main.storyboard */ = {
			isa = PBXVariantGroup;
			children = (
				3B4F01471EFC84E3001D3A4B /* Base */,
			);
			name = Main.storyboard;
			sourceTree = "<group>";
		};
		3B4F014B1EFC84E3001D3A4B /* LaunchScreen.storyboard */ = {
			isa = PBXVariantGroup;
			children = (
				3B4F014C1EFC84E3001D3A4B /* Base */,
			);
			name = LaunchScreen.storyboard;
			sourceTree = "<group>";
		};
/* End PBXVariantGroup section */

/* Begin XCBuildConfiguration section */
		3B4F014F1EFC84E3001D3A4B /* Debug */ = {
			isa = XCBuildConfiguration;
			buildSettings = {
				ALWAYS_SEARCH_USER_PATHS = NO;
				CLANG_ANALYZER_NONNULL = YES;
				CLANG_ANALYZER_NUMBER_OBJECT_CONVERSION = YES_AGGRESSIVE;
				CLANG_CXX_LANGUAGE_STANDARD = "gnu++14";
				CLANG_CXX_LIBRARY = "libc++";
				CLANG_ENABLE_MODULES = YES;
				CLANG_ENABLE_OBJC_ARC = YES;
				CLANG_WARN_BLOCK_CAPTURE_AUTORELEASING = YES;
				CLANG_WARN_BOOL_CONVERSION = YES;
				CLANG_WARN_COMMA = YES;
				CLANG_WARN_CONSTANT_CONVERSION = YES;
				CLANG_WARN_DIRECT_OBJC_ISA_USAGE = YES_ERROR;
				CLANG_WARN_DOCUMENTATION_COMMENTS = YES;
				CLANG_WARN_EMPTY_BODY = YES;
				CLANG_WARN_ENUM_CONVERSION = YES;
				CLANG_WARN_INFINITE_RECURSION = YES;
				CLANG_WARN_INT_CONVERSION = YES;
				CLANG_WARN_NON_LITERAL_NULL_CONVERSION = YES;
				CLANG_WARN_OBJC_LITERAL_CONVERSION = YES;
				CLANG_WARN_OBJC_ROOT_CLASS = YES_ERROR;
				CLANG_WARN_RANGE_LOOP_ANALYSIS = YES;
				CLANG_WARN_STRICT_PROTOTYPES = YES;
				CLANG_WARN_SUSPICIOUS_MOVE = YES;
				CLANG_WARN_UNGUARDED_AVAILABILITY = YES_AGGRESSIVE;
				CLANG_WARN_UNREACHABLE_CODE = YES;
				CLANG_WARN__DUPLICATE_METHOD_MATCH = YES;
				CODE_SIGN_IDENTITY = "iPhone Developer";
				COPY_PHASE_STRIP = NO;
				DEBUG_INFORMATION_FORMAT = dwarf;
				ENABLE_STRICT_OBJC_MSGSEND = YES;
				ENABLE_TESTABILITY = YES;
				GCC_C_LANGUAGE_STANDARD = gnu11;
				GCC_DYNAMIC_NO_PIC = NO;
				GCC_NO_COMMON_BLOCKS = YES;
				GCC_OPTIMIZATION_LEVEL = 0;
				GCC_PREPROCESSOR_DEFINITIONS = (
					"DEBUG=1",
					"$(inherited)",
				);
				GCC_WARN_64_TO_32_BIT_CONVERSION = YES;
				GCC_WARN_ABOUT_RETURN_TYPE = YES_ERROR;
				GCC_WARN_UNDECLARED_SELECTOR = YES;
				GCC_WARN_UNINITIALIZED_AUTOS = YES_AGGRESSIVE;
				GCC_WARN_UNUSED_FUNCTION = YES;
				GCC_WARN_UNUSED_VARIABLE = YES;
				IPHONEOS_DEPLOYMENT_TARGET = 11.0;
				MTL_ENABLE_DEBUG_INFO = YES;
				ONLY_ACTIVE_ARCH = YES;
				SDKROOT = iphoneos;
				SWIFT_ACTIVE_COMPILATION_CONDITIONS = DEBUG;
				SWIFT_OPTIMIZATION_LEVEL = "-Onone";
			};
			name = Debug;
		};
		3B4F01501EFC84E3001D3A4B /* Release */ = {
			isa = XCBuildConfiguration;
			buildSettings = {
				ALWAYS_SEARCH_USER_PATHS = NO;
				CLANG_ANALYZER_NONNULL = YES;
				CLANG_ANALYZER_NUMBER_OBJECT_CONVERSION = YES_AGGRESSIVE;
				CLANG_CXX_LANGUAGE_STANDARD = "gnu++14";
				CLANG_CXX_LIBRARY = "libc++";
				CLANG_ENABLE_MODULES = YES;
				CLANG_ENABLE_OBJC_ARC = YES;
				CLANG_WARN_BLOCK_CAPTURE_AUTORELEASING = YES;
				CLANG_WARN_BOOL_CONVERSION = YES;
				CLANG_WARN_COMMA = YES;
				CLANG_WARN_CONSTANT_CONVERSION = YES;
				CLANG_WARN_DIRECT_OBJC_ISA_USAGE = YES_ERROR;
				CLANG_WARN_DOCUMENTATION_COMMENTS = YES;
				CLANG_WARN_EMPTY_BODY = YES;
				CLANG_WARN_ENUM_CONVERSION = YES;
				CLANG_WARN_INFINITE_RECURSION = YES;
				CLANG_WARN_INT_CONVERSION = YES;
				CLANG_WARN_NON_LITERAL_NULL_CONVERSION = YES;
				CLANG_WARN_OBJC_LITERAL_CONVERSION = YES;
				CLANG_WARN_OBJC_ROOT_CLASS = YES_ERROR;
				CLANG_WARN_RANGE_LOOP_ANALYSIS = YES;
				CLANG_WARN_STRICT_PROTOTYPES = YES;
				CLANG_WARN_SUSPICIOUS_MOVE = YES;
				CLANG_WARN_UNGUARDED_AVAILABILITY = YES_AGGRESSIVE;
				CLANG_WARN_UNREACHABLE_CODE = YES;
				CLANG_WARN__DUPLICATE_METHOD_MATCH = YES;
				CODE_SIGN_IDENTITY = "iPhone Developer";
				COPY_PHASE_STRIP = NO;
				DEBUG_INFORMATION_FORMAT = "dwarf-with-dsym";
				ENABLE_NS_ASSERTIONS = NO;
				ENABLE_STRICT_OBJC_MSGSEND = YES;
				GCC_C_LANGUAGE_STANDARD = gnu11;
				GCC_NO_COMMON_BLOCKS = YES;
				GCC_WARN_64_TO_32_BIT_CONVERSION = YES;
				GCC_WARN_ABOUT_RETURN_TYPE = YES_ERROR;
				GCC_WARN_UNDECLARED_SELECTOR = YES;
				GCC_WARN_UNINITIALIZED_AUTOS = YES_AGGRESSIVE;
				GCC_WARN_UNUSED_FUNCTION = YES;
				GCC_WARN_UNUSED_VARIABLE = YES;
				IPHONEOS_DEPLOYMENT_TARGET = 11.0;
				MTL_ENABLE_DEBUG_INFO = NO;
				SDKROOT = iphoneos;
				SWIFT_OPTIMIZATION_LEVEL = "-Owholemodule";
				VALIDATE_PRODUCT = YES;
			};
			name = Release;
		};
		3B4F01521EFC84E3001D3A4B /* Debug */ = {
			isa = XCBuildConfiguration;
			buildSettings = {
				ASSETCATALOG_COMPILER_APPICON_NAME = AppIcon;
				DEVELOPMENT_TEAM = 2473KE85XF;
				INFOPLIST_FILE = youtube.lbta/Info.plist;
				IPHONEOS_DEPLOYMENT_TARGET = 11.0;
				LD_RUNPATH_SEARCH_PATHS = "$(inherited) @executable_path/Frameworks";
				PRODUCT_BUNDLE_IDENTIFIER = "com.bluepego.youtube-lbta";
				PRODUCT_NAME = "$(TARGET_NAME)";
				SWIFT_SWIFT3_OBJC_INFERENCE = Off;
				SWIFT_VERSION = 4.0;
				TARGETED_DEVICE_FAMILY = 1;
			};
			name = Debug;
		};
		3B4F01531EFC84E3001D3A4B /* Release */ = {
			isa = XCBuildConfiguration;
			buildSettings = {
				ASSETCATALOG_COMPILER_APPICON_NAME = AppIcon;
				DEVELOPMENT_TEAM = 2473KE85XF;
				INFOPLIST_FILE = youtube.lbta/Info.plist;
				IPHONEOS_DEPLOYMENT_TARGET = 11.0;
				LD_RUNPATH_SEARCH_PATHS = "$(inherited) @executable_path/Frameworks";
				PRODUCT_BUNDLE_IDENTIFIER = "com.bluepego.youtube-lbta";
				PRODUCT_NAME = "$(TARGET_NAME)";
				SWIFT_SWIFT3_OBJC_INFERENCE = Off;
				SWIFT_VERSION = 4.0;
				TARGETED_DEVICE_FAMILY = 1;
			};
			name = Release;
		};
/* End XCBuildConfiguration section */

/* Begin XCConfigurationList section */
		3B4F013A1EFC84E3001D3A4B /* Build configuration list for PBXProject "youtube.lbta" */ = {
			isa = XCConfigurationList;
			buildConfigurations = (
				3B4F014F1EFC84E3001D3A4B /* Debug */,
				3B4F01501EFC84E3001D3A4B /* Release */,
			);
			defaultConfigurationIsVisible = 0;
			defaultConfigurationName = Release;
		};
		3B4F01511EFC84E3001D3A4B /* Build configuration list for PBXNativeTarget "youtube.lbta" */ = {
			isa = XCConfigurationList;
			buildConfigurations = (
				3B4F01521EFC84E3001D3A4B /* Debug */,
				3B4F01531EFC84E3001D3A4B /* Release */,
			);
			defaultConfigurationIsVisible = 0;
			defaultConfigurationName = Release;
		};
/* End XCConfigurationList section */
	};
	rootObject = 3B4F01371EFC84E3001D3A4B /* Project object */;
}
